
Microsoft Visual Studio Solution File, Format Version 12.00
# Visual Studio Version 17
VisualStudioVersion = 17.14.36915.13 d17.14
MinimumVisualStudioVersion = 10.0.40219.1
Project("{FAE04EC0-301F-11D3-BF4B-00C04F79EFBC}") = "hw11", "hw11\hw11.csproj", "{0D23C746-E208-49B8-B602-790BB5BB6B0A}"
EndProject
Global
	GlobalSection(SolutionConfigurationPlatforms) = preSolution
		Debug|Any CPU = Debug|Any CPU
		Release|Any CPU = Release|Any CPU
	EndGlobalSection
	GlobalSection(ProjectConfigurationPlatforms) = postSolution
		{0D23C746-E208-49B8-B602-790BB5BB6B0A}.Debug|Any CPU.ActiveCfg = Debug|Any CPU
		{0D23C746-E208-49B8-B602-790BB5BB6B0A}.Debug|Any CPU.Build.0 = Debug|Any CPU
		{0D23C746-E208-49B8-B602-790BB5BB6B0A}.Release|Any CPU.ActiveCfg = Release|Any CPU
		{0D23C746-E208-49B8-B602-790BB5BB6B0A}.Release|Any CPU.Build.0 = Release|Any CPU
	EndGlobalSection
	GlobalSection(SolutionProperties) = preSolution
		HideSolutionNode = FALSE
	EndGlobalSection
	GlobalSection(ExtensibilityGlobals) = postSolution
		SolutionGuid = {E7C13D8E-2E3B-4027-BA0C-85DA2CADC9DD}
	EndGlobalSection
EndGlobal
