
Microsoft Visual Studio Solution File, Format Version 12.00
# Visual Studio Version 17
VisualStudioVersion = 17.14.36915.13 d17.14
MinimumVisualStudioVersion = 10.0.40219.1
Project("{FAE04EC0-301F-11D3-BF4B-00C04F79EFBC}") = "hw_25", "hw_25\hw_25.csproj", "{A0D15DF4-82C9-42AD-B87C-20699F4CF517}"
EndProject
Global
	GlobalSection(SolutionConfigurationPlatforms) = preSolution
		Debug|Any CPU = Debug|Any CPU
		Release|Any CPU = Release|Any CPU
	EndGlobalSection
	GlobalSection(ProjectConfigurationPlatforms) = postSolution
		{A0D15DF4-82C9-42AD-B87C-20699F4CF517}.Debug|Any CPU.ActiveCfg = Debug|Any CPU
		{A0D15DF4-82C9-42AD-B87C-20699F4CF517}.Debug|Any CPU.Build.0 = Debug|Any CPU
		{A0D15DF4-82C9-42AD-B87C-20699F4CF517}.Release|Any CPU.ActiveCfg = Release|Any CPU
		{A0D15DF4-82C9-42AD-B87C-20699F4CF517}.Release|Any CPU.Build.0 = Release|Any CPU
	EndGlobalSection
	GlobalSection(SolutionProperties) = preSolution
		HideSolutionNode = FALSE
	EndGlobalSection
	GlobalSection(ExtensibilityGlobals) = postSolution
		SolutionGuid = {06FB7E96-F759-4EC5-BF64-44A9267F08B9}
	EndGlobalSection
EndGlobal
